
Microsoft Visual Studio Solution File, Format Version 12.00
Project("{FAE04EC0-301F-11D3-BF4B-00C04F79EFBC}") = "WX.B2C.User.Verification.Integration.Tests", "WX.B2C.User.Verification.Integration.Tests\WX.B2C.User.Verification.Integration.Tests.csproj", "{5E538DCE-02C3-4B5A-93F5-DEDAF50B8851}"
EndProject
Global
	GlobalSection(SolutionConfigurationPlatforms) = preSolution
		Debug|Any CPU = Debug|Any CPU
		Release|Any CPU = Release|Any CPU
	EndGlobalSection
	GlobalSection(ProjectConfigurationPlatforms) = postSolution
		{5E538DCE-02C3-4B5A-93F5-DEDAF50B8851}.Debug|Any CPU.ActiveCfg = Debug|Any CPU
		{5E538DCE-02C3-4B5A-93F5-DEDAF50B8851}.Debug|Any CPU.Build.0 = Debug|Any CPU
		{5E538DCE-02C3-4B5A-93F5-DEDAF50B8851}.Release|Any CPU.ActiveCfg = Release|Any CPU
		{5E538DCE-02C3-4B5A-93F5-DEDAF50B8851}.Release|Any CPU.Build.0 = Release|Any CPU
	EndGlobalSection
EndGlobal
